// !$*UTF8*$!
{
	archiveVersion = 1;
	classes = {
	};
	objectVersion = 50;
	objects = {

/* Begin PBXBuildFile section */
		911A745D243AD34400DD0583 /* AppDelegate.m in Sources */ = {isa = PBXBuildFile; fileRef = 911A745C243AD34400DD0583 /* AppDelegate.m */; };
		911A7460243AD34400DD0583 /* ViewController.m in Sources */ = {isa = PBXBuildFile; fileRef = 911A745F243AD34400DD0583 /* ViewController.m */; };
		911A7463243AD34400DD0583 /* Main.storyboard in Resources */ = {isa = PBXBuildFile; fileRef = 911A7461243AD34400DD0583 /* Main.storyboard */; };
		911A7465243AD34500DD0583 /* Assets.xcassets in Resources */ = {isa = PBXBuildFile; fileRef = 911A7464243AD34500DD0583 /* Assets.xcassets */; };
		911A7468243AD34500DD0583 /* LaunchScreen.storyboard in Resources */ = {isa = PBXBuildFile; fileRef = 911A7466243AD34500DD0583 /* LaunchScreen.storyboard */; };
		911A746B243AD34500DD0583 /* main.m in Sources */ = {isa = PBXBuildFile; fileRef = 911A746A243AD34500DD0583 /* main.m */; };
		911A7472243AD37400DD0583 /* Default-568h@2x.png in Resources */ = {isa = PBXBuildFile; fileRef = 911A7471243AD37400DD0583 /* Default-568h@2x.png */; };
		912DEE14243B54FF0039802C /* GLESView.mm in Sources */ = {isa = PBXBuildFile; fileRef = 912DEE13243B54FF0039802C /* GLESView.mm */; };
/* End PBXBuildFile section */

/* Begin PBXFileReference section */
		911A7458243AD34400DD0583 /* Ortho.app */ = {isa = PBXFileReference; explicitFileType = wrapper.application; includeInIndex = 0; path = Ortho.app; sourceTree = BUILT_PRODUCTS_DIR; };
		911A745B243AD34400DD0583 /* AppDelegate.h */ = {isa = PBXFileReference; lastKnownFileType = sourcecode.c.h; path = AppDelegate.h; sourceTree = "<group>"; };
		911A745C243AD34400DD0583 /* AppDelegate.m */ = {isa = PBXFileReference; lastKnownFileType = sourcecode.c.objc; path = AppDelegate.m; sourceTree = "<group>"; };
		911A745E243AD34400DD0583 /* ViewController.h */ = {isa = PBXFileReference; lastKnownFileType = sourcecode.c.h; path = ViewController.h; sourceTree = "<group>"; };
		911A745F243AD34400DD0583 /* ViewController.m */ = {isa = PBXFileReference; lastKnownFileType = sourcecode.c.objc; path = ViewController.m; sourceTree = "<group>"; };
		911A7462243AD34400DD0583 /* Base */ = {isa = PBXFileReference; lastKnownFileType = file.storyboard; name = Base; path = Base.lproj/Main.storyboard; sourceTree = "<group>"; };
		911A7464243AD34500DD0583 /* Assets.xcassets */ = {isa = PBXFileReference; lastKnownFileType = folder.assetcatalog; path = Assets.xcassets; sourceTree = "<group>"; };
		911A7467243AD34500DD0583 /* Base */ = {isa = PBXFileReference; lastKnownFileType = file.storyboard; name = Base; path = Base.lproj/LaunchScreen.storyboard; sourceTree = "<group>"; };
		911A7469243AD34500DD0583 /* Info.plist */ = {isa = PBXFileReference; lastKnownFileType = text.plist.xml; path = Info.plist; sourceTree = "<group>"; };
		911A746A243AD34500DD0583 /* main.m */ = {isa = PBXFileReference; lastKnownFileType = sourcecode.c.objc; path = main.m; sourceTree = "<group>"; };
		911A7471243AD37400DD0583 /* Default-568h@2x.png */ = {isa = PBXFileReference; lastKnownFileType = image.png; path = "Default-568h@2x.png"; sourceTree = "<group>"; };
		911A7475243AD40C00DD0583 /* GLESView.h */ = {isa = PBXFileReference; fileEncoding = 4; lastKnownFileType = sourcecode.c.h; path = GLESView.h; sourceTree = "<group>"; };
		911A7478243AD99600DD0583 /* vmath.h */ = {isa = PBXFileReference; fileEncoding = 4; lastKnownFileType = sourcecode.c.h; path = vmath.h; sourceTree = "<group>"; };
		912DEE13243B54FF0039802C /* GLESView.mm */ = {isa = PBXFileReference; fileEncoding = 4; lastKnownFileType = sourcecode.cpp.objcpp; path = GLESView.mm; sourceTree = "<group>"; };
/* End PBXFileReference section */

/* Begin PBXFrameworksBuildPhase section */
		911A7455243AD34400DD0583 /* Frameworks */ = {
			isa = PBXFrameworksBuildPhase;
			buildActionMask = 2147483647;
			files = (
			);
			runOnlyForDeploymentPostprocessing = 0;
		};
/* End PBXFrameworksBuildPhase section */

/* Begin PBXGroup section */
		911A744F243AD34300DD0583 = {
			isa = PBXGroup;
			children = (
				911A745A243AD34400DD0583 /* Ortho */,
				911A7459243AD34400DD0583 /* Products */,
			);
			sourceTree = "<group>";
		};
		911A7459243AD34400DD0583 /* Products */ = {
			isa = PBXGroup;
			children = (
				911A7458243AD34400DD0583 /* Ortho.app */,
			);
			name = Products;
			sourceTree = "<group>";
		};
		911A745A243AD34400DD0583 /* Ortho */ = {
			isa = PBXGroup;
			children = (
				911A745B243AD34400DD0583 /* AppDelegate.h */,
				911A745C243AD34400DD0583 /* AppDelegate.m */,
				911A745E243AD34400DD0583 /* ViewController.h */,
				911A745F243AD34400DD0583 /* ViewController.m */,
				911A7475243AD40C00DD0583 /* GLESView.h */,
				912DEE13243B54FF0039802C /* GLESView.mm */,
				911A7478243AD99600DD0583 /* vmath.h */,
				911A7461243AD34400DD0583 /* Main.storyboard */,
				911A7464243AD34500DD0583 /* Assets.xcassets */,
				911A7466243AD34500DD0583 /* LaunchScreen.storyboard */,
				911A7469243AD34500DD0583 /* Info.plist */,
				911A746A243AD34500DD0583 /* main.m */,
				911A7473243AD37D00DD0583 /* Resources */,
			);
			path = Ortho;
			sourceTree = "<group>";
		};
		911A7473243AD37D00DD0583 /* Resources */ = {
			isa = PBXGroup;
			children = (
				911A7471243AD37400DD0583 /* Default-568h@2x.png */,
			);
			path = Resources;
			sourceTree = "<group>";
		};
/* End PBXGroup section */

/* Begin PBXNativeTarget section */
		911A7457243AD34400DD0583 /* Ortho */ = {
			isa = PBXNativeTarget;
			buildConfigurationList = 911A746E243AD34500DD0583 /* Build configuration list for PBXNativeTarget "Ortho" */;
			buildPhases = (
				911A7454243AD34400DD0583 /* Sources */,
				911A7455243AD34400DD0583 /* Frameworks */,
				911A7456243AD34400DD0583 /* Resources */,
			);
			buildRules = (
			);
			dependencies = (
			);
			name = Ortho;
			productName = Ortho;
			productReference = 911A7458243AD34400DD0583 /* Ortho.app */;
			productType = "com.apple.product-type.application";
		};
/* End PBXNativeTarget section */

/* Begin PBXProject section */
		911A7450243AD34300DD0583 /* Project object */ = {
			isa = PBXProject;
			attributes = {
				LastUpgradeCheck = 1010;
				TargetAttributes = {
					911A7457243AD34400DD0583 = {
						CreatedOnToolsVersion = 10.1;
					};
				};
			};
			buildConfigurationList = 911A7453243AD34300DD0583 /* Build configuration list for PBXProject "Ortho" */;
			compatibilityVersion = "Xcode 9.3";
			developmentRegion = en;
			hasScannedForEncodings = 0;
			knownRegions = (
				en,
				Base,
			);
			mainGroup = 911A744F243AD34300DD0583;
			productRefGroup = 911A7459243AD34400DD0583 /* Products */;
			projectDirPath = "";
			projectRoot = "";
			targets = (
				911A7457243AD34400DD0583 /* Ortho */,
			);
		};
/* End PBXProject section */

/* Begin PBXResourcesBuildPhase section */
		911A7456243AD34400DD0583 /* Resources */ = {
			isa = PBXResourcesBuildPhase;
			buildActionMask = 2147483647;
			files = (
				911A7468243AD34500DD0583 /* LaunchScreen.storyboard in Resources */,
				911A7472243AD37400DD0583 /* Default-568h@2x.png in Resources */,
				911A7465243AD34500DD0583 /* Assets.xcassets in Resources */,
				911A7463243AD34400DD0583 /* Main.storyboard in Resources */,
			);
			runOnlyForDeploymentPostprocessing = 0;
		};
/* End PBXResourcesBuildPhase section */

/* Begin PBXSourcesBuildPhase section */
		911A7454243AD34400DD0583 /* Sources */ = {
			isa = PBXSourcesBuildPhase;
			buildActionMask = 2147483647;
			files = (
				911A7460243AD34400DD0583 /* ViewController.m in Sources */,
				912DEE14243B54FF0039802C /* GLESView.mm in Sources */,
				911A746B243AD34500DD0583 /* main.m in Sources */,
				911A745D243AD34400DD0583 /* AppDelegate.m in Sources */,
			);
			runOnlyForDeploymentPostprocessing = 0;
		};
/* End PBXSourcesBuildPhase section */

/* Begin PBXVariantGroup section */
		911A7461243AD34400DD0583 /* Main.storyboard */ = {
			isa = PBXVariantGroup;
			children = (
				911A7462243AD34400DD0583 /* Base */,
			);
			name = Main.storyboard;
			sourceTree = "<group>";
		};
		911A7466243AD34500DD0583 /* LaunchScreen.storyboard */ = {
			isa = PBXVariantGroup;
			children = (
				911A7467243AD34500DD0583 /* Base */,
			);
			name = LaunchScreen.storyboard;
			sourceTree = "<group>";
		};
/* End PBXVariantGroup section */

/* Begin XCBuildConfiguration section */
		911A746C243AD34500DD0583 /* Debug */ = {
			isa = XCBuildConfiguration;
			buildSettings = {
				ALWAYS_SEARCH_USER_PATHS = NO;
				CLANG_ANALYZER_NONNULL = YES;
				CLANG_ANALYZER_NUMBER_OBJECT_CONVERSION = YES_AGGRESSIVE;
				CLANG_CXX_LANGUAGE_STANDARD = "gnu++14";
				CLANG_CXX_LIBRARY = "libc++";
				CLANG_ENABLE_MODULES = YES;
				CLANG_ENABLE_OBJC_ARC = YES;
				CLANG_ENABLE_OBJC_WEAK = YES;
				CLANG_WARN_BLOCK_CAPTURE_AUTORELEASING = YES;
				CLANG_WARN_BOOL_CONVERSION = YES;
				CLANG_WARN_COMMA = YES;
				CLANG_WARN_CONSTANT_CONVERSION = YES;
				CLANG_WARN_DEPRECATED_OBJC_IMPLEMENTATIONS = YES;
				CLANG_WARN_DIRECT_OBJC_ISA_USAGE = YES_ERROR;
				CLANG_WARN_DOCUMENTATION_COMMENTS = YES;
				CLANG_WARN_EMPTY_BODY = YES;
				CLANG_WARN_ENUM_CONVERSION = YES;
				CLANG_WARN_INFINITE_RECURSION = YES;
				CLANG_WARN_INT_CONVERSION = YES;
				CLANG_WARN_NON_LITERAL_NULL_CONVERSION = YES;
				CLANG_WARN_OBJC_IMPLICIT_RETAIN_SELF = YES;
				CLANG_WARN_OBJC_LITERAL_CONVERSION = YES;
				CLANG_WARN_OBJC_ROOT_CLASS = YES_ERROR;
				CLANG_WARN_RANGE_LOOP_ANALYSIS = YES;
				CLANG_WARN_STRICT_PROTOTYPES = YES;
				CLANG_WARN_SUSPICIOUS_MOVE = YES;
				CLANG_WARN_UNGUARDED_AVAILABILITY = YES_AGGRESSIVE;
				CLANG_WARN_UNREACHABLE_CODE = YES;
				CLANG_WARN__DUPLICATE_METHOD_MATCH = YES;
				CODE_SIGN_IDENTITY = "iPhone Developer";
				COPY_PHASE_STRIP = NO;
				DEBUG_INFORMATION_FORMAT = dwarf;
				ENABLE_STRICT_OBJC_MSGSEND = YES;
				ENABLE_TESTABILITY = YES;
				GCC_C_LANGUAGE_STANDARD = gnu11;
				GCC_DYNAMIC_NO_PIC = NO;
				GCC_NO_COMMON_BLOCKS = YES;
				GCC_OPTIMIZATION_LEVEL = 0;
				GCC_PREPROCESSOR_DEFINITIONS = (
					"DEBUG=1",
					"$(inherited)",
				);
				GCC_WARN_64_TO_32_BIT_CONVERSION = YES;
				GCC_WARN_ABOUT_RETURN_TYPE = YES_ERROR;
				GCC_WARN_UNDECLARED_SELECTOR = YES;
				GCC_WARN_UNINITIALIZED_AUTOS = YES_AGGRESSIVE;
				GCC_WARN_UNUSED_FUNCTION = YES;
				GCC_WARN_UNUSED_VARIABLE = YES;
				IPHONEOS_DEPLOYMENT_TARGET = 12.1;
				MTL_ENABLE_DEBUG_INFO = INCLUDE_SOURCE;
				MTL_FAST_MATH = YES;
				ONLY_ACTIVE_ARCH = YES;
				SDKROOT = iphoneos;
			};
			name = Debug;
		};
		911A746D243AD34500DD0583 /* Release */ = {
			isa = XCBuildConfiguration;
			buildSettings = {
				ALWAYS_SEARCH_USER_PATHS = NO;
				CLANG_ANALYZER_NONNULL = YES;
				CLANG_ANALYZER_NUMBER_OBJECT_CONVERSION = YES_AGGRESSIVE;
				CLANG_CXX_LANGUAGE_STANDARD = "gnu++14";
				CLANG_CXX_LIBRARY = "libc++";
				CLANG_ENABLE_MODULES = YES;
				CLANG_ENABLE_OBJC_ARC = YES;
				CLANG_ENABLE_OBJC_WEAK = YES;
				CLANG_WARN_BLOCK_CAPTURE_AUTORELEASING = YES;
				CLANG_WARN_BOOL_CONVERSION = YES;
				CLANG_WARN_COMMA = YES;
				CLANG_WARN_CONSTANT_CONVERSION = YES;
				CLANG_WARN_DEPRECATED_OBJC_IMPLEMENTATIONS = YES;
				CLANG_WARN_DIRECT_OBJC_ISA_USAGE = YES_ERROR;
				CLANG_WARN_DOCUMENTATION_COMMENTS = YES;
				CLANG_WARN_EMPTY_BODY = YES;
				CLANG_WARN_ENUM_CONVERSION = YES;
				CLANG_WARN_INFINITE_RECURSION = YES;
				CLANG_WARN_INT_CONVERSION = YES;
				CLANG_WARN_NON_LITERAL_NULL_CONVERSION = YES;
				CLANG_WARN_OBJC_IMPLICIT_RETAIN_SELF = YES;
				CLANG_WARN_OBJC_LITERAL_CONVERSION = YES;
				CLANG_WARN_OBJC_ROOT_CLASS = YES_ERROR;
				CLANG_WARN_RANGE_LOOP_ANALYSIS = YES;
				CLANG_WARN_STRICT_PROTOTYPES = YES;
				CLANG_WARN_SUSPICIOUS_MOVE = YES;
				CLANG_WARN_UNGUARDED_AVAILABILITY = YES_AGGRESSIVE;
				CLANG_WARN_UNREACHABLE_CODE = YES;
				CLANG_WARN__DUPLICATE_METHOD_MATCH = YES;
				CODE_SIGN_IDENTITY = "iPhone Developer";
				COPY_PHASE_STRIP = NO;
				DEBUG_INFORMATION_FORMAT = "dwarf-with-dsym";
				ENABLE_NS_ASSERTIONS = NO;
				ENABLE_STRICT_OBJC_MSGSEND = YES;
				GCC_C_LANGUAGE_STANDARD = gnu11;
				GCC_NO_COMMON_BLOCKS = YES;
				GCC_WARN_64_TO_32_BIT_CONVERSION = YES;
				GCC_WARN_ABOUT_RETURN_TYPE = YES_ERROR;
				GCC_WARN_UNDECLARED_SELECTOR = YES;
				GCC_WARN_UNINITIALIZED_AUTOS = YES_AGGRESSIVE;
				GCC_WARN_UNUSED_FUNCTION = YES;
				GCC_WARN_UNUSED_VARIABLE = YES;
				IPHONEOS_DEPLOYMENT_TARGET = 12.1;
				MTL_ENABLE_DEBUG_INFO = NO;
				MTL_FAST_MATH = YES;
				SDKROOT = iphoneos;
				VALIDATE_PRODUCT = YES;
			};
			name = Release;
		};
		911A746F243AD34500DD0583 /* Debug */ = {
			isa = XCBuildConfiguration;
			buildSettings = {
				ASSETCATALOG_COMPILER_APPICON_NAME = AppIcon;
				CLANG_ENABLE_OBJC_ARC = NO;
				CODE_SIGN_STYLE = Manual;
				DEVELOPMENT_TEAM = "";
				GCC_WARN_UNDECLARED_SELECTOR = NO;
				INFOPLIST_FILE = Ortho/Info.plist;
				IPHONEOS_DEPLOYMENT_TARGET = 11.3;
				LD_RUNPATH_SEARCH_PATHS = (
					"$(inherited)",
					"@executable_path/Frameworks",
				);
				PRODUCT_BUNDLE_IDENTIFIER = astromedicomp.org.Ortho;
				PRODUCT_NAME = "$(TARGET_NAME)";
				PROVISIONING_PROFILE_SPECIFIER = "";
				TARGETED_DEVICE_FAMILY = 1;
			};
			name = Debug;
		};
		911A7470243AD34500DD0583 /* Release */ = {
			isa = XCBuildConfiguration;
			buildSettings = {
				ASSETCATALOG_COMPILER_APPICON_NAME = AppIcon;
				CLANG_ENABLE_OBJC_ARC = NO;
				CODE_SIGN_STYLE = Manual;
				DEVELOPMENT_TEAM = "";
				GCC_WARN_UNDECLARED_SELECTOR = NO;
				INFOPLIST_FILE = Ortho/Info.plist;
				IPHONEOS_DEPLOYMENT_TARGET = 11.3;
				LD_RUNPATH_SEARCH_PATHS = (
					"$(inherited)",
					"@executable_path/Frameworks",
				);
				PRODUCT_BUNDLE_IDENTIFIER = astromedicomp.org.Ortho;
				PRODUCT_NAME = "$(TARGET_NAME)";
				PROVISIONING_PROFILE_SPECIFIER = "";
				TARGETED_DEVICE_FAMILY = 1;
			};
			name = Release;
		};
/* End XCBuildConfiguration section */

/* Begin XCConfigurationList section */
		911A7453243AD34300DD0583 /* Build configuration list for PBXProject "Ortho" */ = {
			isa = XCConfigurationList;
			buildConfigurations = (
				911A746C243AD34500DD0583 /* Debug */,
				911A746D243AD34500DD0583 /* Release */,
			);
			defaultConfigurationIsVisible = 0;
			defaultConfigurationName = Release;
		};
		911A746E243AD34500DD0583 /* Build configuration list for PBXNativeTarget "Ortho" */ = {
			isa = XCConfigurationList;
			buildConfigurations = (
				911A746F243AD34500DD0583 /* Debug */,
				911A7470243AD34500DD0583 /* Release */,
			);
			defaultConfigurationIsVisible = 0;
			defaultConfigurationName = Release;
		};
/* End XCConfigurationList section */
	};
	rootObject = 911A7450243AD34300DD0583 /* Project object */;
}
